
Microsoft Visual Studio Solution File, Format Version 12.00
# Visual Studio Version 17
VisualStudioVersion = 17.5.33414.496
MinimumVisualStudioVersion = 10.0.40219.1
Project("{FAE04EC0-301F-11D3-BF4B-00C04F79EFBC}") = "GUSAPI", "GUSAPI\GUSAPI.csproj", "{EB63F607-05FC-45D8-968F-B5A878361BB3}"
EndProject
Global
	GlobalSection(SolutionConfigurationPlatforms) = preSolution
		Debug|Any CPU = Debug|Any CPU
		Release|Any CPU = Release|Any CPU
	EndGlobalSection
	GlobalSection(ProjectConfigurationPlatforms) = postSolution
		{EB63F607-05FC-45D8-968F-B5A878361BB3}.Debug|Any CPU.ActiveCfg = Debug|Any CPU
		{EB63F607-05FC-45D8-968F-B5A878361BB3}.Debug|Any CPU.Build.0 = Debug|Any CPU
		{EB63F607-05FC-45D8-968F-B5A878361BB3}.Release|Any CPU.ActiveCfg = Release|Any CPU
		{EB63F607-05FC-45D8-968F-B5A878361BB3}.Release|Any CPU.Build.0 = Release|Any CPU
	EndGlobalSection
	GlobalSection(SolutionProperties) = preSolution
		HideSolutionNode = FALSE
	EndGlobalSection
	GlobalSection(ExtensibilityGlobals) = postSolution
		SolutionGuid = {8FC48394-AAA1-4B08-934E-9E31B50B9445}
	EndGlobalSection
EndGlobal
